version = 1
requires-python = ">=3.13"

[[package]]
name = "annotated-types"
version = "0.7.0"
source = { registry = "https://pypi.org/simple" }
sdist = { url = "https://files.pythonhosted.org/packages/ee/67/531ea369ba64dcff5ec9c3402f9f51bf748cec26dde048a2f973a4eea7f5/annotated_types-0.7.0.tar.gz", hash = "sha256:aff07c09a53a08bc8cfccb9c85b05f1aa9a2a6f23728d790723543408344ce89", size = 16081 }
wheels = [
    { url = "https://files.pythonhosted.org/packages/78/b6/6307fbef88d9b5ee7421e68d78a9f162e0da4900bc5f5793f6d3d0e34fb8/annotated_types-0.7.0-py3-none-any.whl", hash = "sha256:1f02e8b43a8fbbc3f3e0d4f0f4bfc8131bcb4eebe8849b8e5c773f3a1c582a53", size = 13643 },
]

[[package]]
name = "anyio"
version = "4.7.0"
source = { registry = "https://pypi.org/simple" }
dependencies = [
    { name = "idna" },
    { name = "sniffio" },
]
sdist = { url = "https://files.pythonhosted.org/packages/f6/40/318e58f669b1a9e00f5c4453910682e2d9dd594334539c7b7817dabb765f/anyio-4.7.0.tar.gz", hash = "sha256:2f834749c602966b7d456a7567cafcb309f96482b5081d14ac93ccd457f9dd48", size = 177076 }
wheels = [
    { url = "https://files.pythonhosted.org/packages/a0/7a/4daaf3b6c08ad7ceffea4634ec206faeff697526421c20f07628c7372156/anyio-4.7.0-py3-none-any.whl", hash = "sha256:ea60c3723ab42ba6fff7e8ccb0488c898ec538ff4df1f1d5e642c3601d07e352", size = 93052 },
]

[[package]]
name = "certifi"
version = "2024.8.30"
source = { registry = "https://pypi.org/simple" }
sdist = { url = "https://files.pythonhosted.org/packages/b0/ee/9b19140fe824b367c04c5e1b369942dd754c4c5462d5674002f75c4dedc1/certifi-2024.8.30.tar.gz", hash = "sha256:bec941d2aa8195e248a60b31ff9f0558284cf01a52591ceda73ea9afffd69fd9", size = 168507 }
wheels = [
    { url = "https://files.pythonhosted.org/packages/12/90/3c9ff0512038035f59d279fddeb79f5f1eccd8859f06d6163c58798b9487/certifi-2024.8.30-py3-none-any.whl", hash = "sha256:922820b53db7a7257ffbda3f597266d435245903d80737e34f8a45ff3e3230d8", size = 167321 },
]

[[package]]
name = "colorama"
version = "0.4.6"
source = { registry = "https://pypi.org/simple" }
sdist = { url = "https://files.pythonhosted.org/packages/d8/53/6f443c9a4a8358a93a6792e2acffb9d9d5cb0a5cfd8802644b7b1c9a02e4/colorama-0.4.6.tar.gz", hash = "sha256:08695f5cb7ed6e0531a20572697297273c47b8cae5a63ffc6d6ed5c201be6e44", size = 27697 }
wheels = [
    { url = "https://files.pythonhosted.org/packages/d1/d6/3965ed04c63042e047cb6a3e6ed1a63a35087b6a609aa3a15ed8ac56c221/colorama-0.4.6-py2.py3-none-any.whl", hash = "sha256:4f1d9991f5acc0ca119f9d443620b77f9d6b33703e51011c16baf57afb285fc6", size = 25335 },
]

[[package]]
name = "distro"
version = "1.9.0"
source = { registry = "https://pypi.org/simple" }
sdist = { url = "https://files.pythonhosted.org/packages/fc/f8/98eea607f65de6527f8a2e8885fc8015d3e6f5775df186e443e0964a11c3/distro-1.9.0.tar.gz", hash = "sha256:2fa77c6fd8940f116ee1d6b94a2f90b13b5ea8d019b98bc8bafdcabcdd9bdbed", size = 60722 }
wheels = [
    { url = "https://files.pythonhosted.org/packages/12/b3/231ffd4ab1fc9d679809f356cebee130ac7daa00d6d6f3206dd4fd137e9e/distro-1.9.0-py3-none-any.whl", hash = "sha256:7bffd925d65168f85027d8da9af6bddab658135b840670a223589bc0c8ef02b2", size = 20277 },
]

[[package]]
name = "grpcio"
version = "1.68.1"
source = { registry = "https://pypi.org/simple" }
sdist = { url = "https://files.pythonhosted.org/packages/91/ec/b76ff6d86bdfd1737a5ec889394b54c18b1ec3832d91041e25023fbcb67d/grpcio-1.68.1.tar.gz", hash = "sha256:44a8502dd5de653ae6a73e2de50a401d84184f0331d0ac3daeb044e66d5c5054", size = 12694654 }
wheels = [
    { url = "https://files.pythonhosted.org/packages/37/1a/15ccc08da339a5536690e6f877963422a5abf3f6dfeed96b3175f5c816b9/grpcio-1.68.1-cp313-cp313-linux_armv7l.whl", hash = "sha256:a47faedc9ea2e7a3b6569795c040aae5895a19dde0c728a48d3c5d7995fda385", size = 5149822 },
    { url = "https://files.pythonhosted.org/packages/bc/fe/91bb4b160cd251d5b5ee722e6342355f76d1ffe176c50a6ef0e8256fbb47/grpcio-1.68.1-cp313-cp313-macosx_10_13_universal2.whl", hash = "sha256:390eee4225a661c5cd133c09f5da1ee3c84498dc265fd292a6912b65c421c78c", size = 11085016 },
    { url = "https://files.pythonhosted.org/packages/55/2d/0bb2478410f5896da1090b9f43c2979dd72e7e97d10bc223bfbdddcf8eca/grpcio-1.68.1-cp313-cp313-manylinux_2_17_aarch64.whl", hash = "sha256:66a24f3d45c33550703f0abb8b656515b0ab777970fa275693a2f6dc8e35f1c1", size = 5645634 },
    { url = "https://files.pythonhosted.org/packages/f5/6c/e2d22d963b695f87a09965246beb1c3224b09ffc666fc0b285820926499a/grpcio-1.68.1-cp313-cp313-manylinux_2_17_i686.manylinux2014_i686.whl", hash = "sha256:c08079b4934b0bf0a8847f42c197b1d12cba6495a3d43febd7e99ecd1cdc8d54", size = 6291096 },
    { url = "https://files.pythonhosted.org/packages/6f/f6/21d9204e2c4c0804ad72be8c830c44f0e1355e649c173f87508b7f0e5488/grpcio-1.68.1-cp313-cp313-manylinux_2_17_x86_64.manylinux2014_x86_64.whl", hash = "sha256:8720c25cd9ac25dd04ee02b69256d0ce35bf8a0f29e20577427355272230965a", size = 5906528 },
    { url = "https://files.pythonhosted.org/packages/39/2a/bf6ae4fef13755ca236d587d630b82207cfad43cf956870adead97fd1ef1/grpcio-1.68.1-cp313-cp313-musllinux_1_1_i686.whl", hash = "sha256:04cfd68bf4f38f5bb959ee2361a7546916bd9a50f78617a346b3aeb2b42e2161", size = 6634215 },
    { url = "https://files.pythonhosted.org/packages/5b/83/9c96a6adfbea5e8a9ed408410c0259942713be64173b8816c7bf6ac2d830/grpcio-1.68.1-cp313-cp313-musllinux_1_1_x86_64.whl", hash = "sha256:c28848761a6520c5c6071d2904a18d339a796ebe6b800adc8b3f474c5ce3c3ad", size = 6200750 },
    { url = "https://files.pythonhosted.org/packages/b4/3e/af42f87759c6301c4fed894b3dd801b13162ba1d8e2942412e788ac749eb/grpcio-1.68.1-cp313-cp313-win32.whl", hash = "sha256:77d65165fc35cff6e954e7fd4229e05ec76102d4406d4576528d3a3635fc6172", size = 3637594 },
    { url = "https://files.pythonhosted.org/packages/7e/d1/3bef33a3d5d26d4ea9284e1b464f481d6d21ed8ae1c3da381b05f62c701d/grpcio-1.68.1-cp313-cp313-win_amd64.whl", hash = "sha256:a8040f85dcb9830d8bbb033ae66d272614cec6faceee88d37a88a9bd1a7a704e", size = 4391184 },
]

[[package]]
name = "grpcio-tools"
version = "1.68.1"
source = { registry = "https://pypi.org/simple" }
dependencies = [
    { name = "grpcio" },
    { name = "protobuf" },
    { name = "setuptools" },
]
sdist = { url = "https://files.pythonhosted.org/packages/2a/2f/d2fc30b79d892050a3c40ef8d17d602f4c6eced066d584621c7bbf195b0e/grpcio_tools-1.68.1.tar.gz", hash = "sha256:2413a17ad16c9c821b36e4a67fc64c37b9e4636ab1c3a07778018801378739ba", size = 5275384 }
wheels = [
    { url = "https://files.pythonhosted.org/packages/68/d9/ebea463de32604f0d1397946e5341d3d986d2a92180218bd8cafc7dbe479/grpcio_tools-1.68.1-cp313-cp313-linux_armv7l.whl", hash = "sha256:67e49b5ede0cc8a0f988f41f7b72f6bc03180aecdb5213bd985bc1bbfd9ffdac", size = 2342125 },
    { url = "https://files.pythonhosted.org/packages/06/fc/9bc572b7ba18afc416a18272f0aaeb0099cbaa354ed5f4518f2556db70e8/grpcio_tools-1.68.1-cp313-cp313-macosx_10_13_universal2.whl", hash = "sha256:b78e38f953062d45ff92ec940da292dc9bfbf26de492c8dc44e12b13493a8e80", size = 5573889 },
    { url = "https://files.pythonhosted.org/packages/ff/85/4f114c688c5ede613b91b7f5148189fce11d7ec2898691dbc066406e87cb/grpcio_tools-1.68.1-cp313-cp313-manylinux_2_17_aarch64.whl", hash = "sha256:8ebe9df5bab4121e8f51e013a379be2027179a0c8013e89d686a1e5800e9c205", size = 2305568 },
    { url = "https://files.pythonhosted.org/packages/c8/60/19016c06086a4b000bc04ae2e4fdd3c113ba8c44a10d155227d8375b8c9a/grpcio_tools-1.68.1-cp313-cp313-manylinux_2_17_i686.manylinux2014_i686.whl", hash = "sha256:be553e3ea7447ed9e2e2d089f3b0a77000e86d2681b3c77498c98dddffc62d22", size = 2678659 },
    { url = "https://files.pythonhosted.org/packages/79/2a/2f2201895af55a2a177494e06890dfff05dc687ca2f9db19420374f8b066/grpcio_tools-1.68.1-cp313-cp313-manylinux_2_17_x86_64.manylinux2014_x86_64.whl", hash = "sha256:d4877f3eabb6185b5691f5218fedc86a84a833734847a294048862ec910a2854", size = 2425005 },
    { url = "https://files.pythonhosted.org/packages/62/19/da6105fe5b44537dd6c2c7d5eee046a1304ea408477b9756186f7ae1b593/grpcio_tools-1.68.1-cp313-cp313-musllinux_1_1_i686.whl", hash = "sha256:b98173e536e8f2779eff84a03409cca6497dc1fad3d10a47c8d881b2cb36259b", size = 3288873 },
    { url = "https://files.pythonhosted.org/packages/b1/79/e478d43e7c05c0457e1211b8a987deeb7778f3a2de9824272aa4f13334c9/grpcio_tools-1.68.1-cp313-cp313-musllinux_1_1_x86_64.whl", hash = "sha256:5b64035dcd0df70acf3af972c3f103b0ce141d29732fd94eaa8b38cf7c8e62fe", size = 2903212 },
    { url = "https://files.pythonhosted.org/packages/32/9c/5e47a4961959d359728c9beea67b74fb07ab3ba2c46dc83ebfa8cd39a717/grpcio_tools-1.68.1-cp313-cp313-win32.whl", hash = "sha256:573f3ed3276df20c308797ae834ac6c5595b1dd2953b243eedadbcd986a287d7", size = 945289 },
    { url = "https://files.pythonhosted.org/packages/ca/d3/9edb57f65f2950920efdf726a8c8b82f65bcde5ccf861a686060ca6512f3/grpcio_tools-1.68.1-cp313-cp313-win_amd64.whl", hash = "sha256:c4539c6231015c40db879fbc0feaaf03adb4275c1bd2b4dd26e2323f2a13655a", size = 1096008 },
]

[[package]]
name = "h11"
version = "0.14.0"
source = { registry = "https://pypi.org/simple" }
sdist = { url = "https://files.pythonhosted.org/packages/f5/38/3af3d3633a34a3316095b39c8e8fb4853a28a536e55d347bd8d8e9a14b03/h11-0.14.0.tar.gz", hash = "sha256:8f19fbbe99e72420ff35c00b27a34cb9937e902a8b810e2c88300c6f0a3b699d", size = 100418 }
wheels = [
    { url = "https://files.pythonhosted.org/packages/95/04/ff642e65ad6b90db43e668d70ffb6736436c7ce41fcc549f4e9472234127/h11-0.14.0-py3-none-any.whl", hash = "sha256:e3fe4ac4b851c468cc8363d500db52c2ead036020723024a109d37346efaa761", size = 58259 },
]

[[package]]
name = "h2"
version = "4.1.0"
source = { registry = "https://pypi.org/simple" }
dependencies = [
    { name = "hpack" },
    { name = "hyperframe" },
]
sdist = { url = "https://files.pythonhosted.org/packages/2a/32/fec683ddd10629ea4ea46d206752a95a2d8a48c22521edd70b142488efe1/h2-4.1.0.tar.gz", hash = "sha256:a83aca08fbe7aacb79fec788c9c0bac936343560ed9ec18b82a13a12c28d2abb", size = 2145593 }
wheels = [
    { url = "https://files.pythonhosted.org/packages/2a/e5/db6d438da759efbb488c4f3fbdab7764492ff3c3f953132efa6b9f0e9e53/h2-4.1.0-py3-none-any.whl", hash = "sha256:03a46bcf682256c95b5fd9e9a99c1323584c3eec6440d379b9903d709476bc6d", size = 57488 },
]

[[package]]
name = "hpack"
version = "4.0.0"
source = { registry = "https://pypi.org/simple" }
sdist = { url = "https://files.pythonhosted.org/packages/3e/9b/fda93fb4d957db19b0f6b370e79d586b3e8528b20252c729c476a2c02954/hpack-4.0.0.tar.gz", hash = "sha256:fc41de0c63e687ebffde81187a948221294896f6bdc0ae2312708df339430095", size = 49117 }
wheels = [
    { url = "https://files.pythonhosted.org/packages/d5/34/e8b383f35b77c402d28563d2b8f83159319b509bc5f760b15d60b0abf165/hpack-4.0.0-py3-none-any.whl", hash = "sha256:84a076fad3dc9a9f8063ccb8041ef100867b1878b25ef0ee63847a5d53818a6c", size = 32611 },
]

[[package]]
name = "httpcore"
version = "1.0.7"
source = { registry = "https://pypi.org/simple" }
dependencies = [
    { name = "certifi" },
    { name = "h11" },
]
sdist = { url = "https://files.pythonhosted.org/packages/6a/41/d7d0a89eb493922c37d343b607bc1b5da7f5be7e383740b4753ad8943e90/httpcore-1.0.7.tar.gz", hash = "sha256:8551cb62a169ec7162ac7be8d4817d561f60e08eaa485234898414bb5a8a0b4c", size = 85196 }
wheels = [
    { url = "https://files.pythonhosted.org/packages/87/f5/72347bc88306acb359581ac4d52f23c0ef445b57157adedb9aee0cd689d2/httpcore-1.0.7-py3-none-any.whl", hash = "sha256:a3fff8f43dc260d5bd363d9f9cf1830fa3a458b332856f34282de498ed420edd", size = 78551 },
]

[[package]]
name = "httpx"
version = "0.28.1"
source = { registry = "https://pypi.org/simple" }
dependencies = [
    { name = "anyio" },
    { name = "certifi" },
    { name = "httpcore" },
    { name = "idna" },
]
sdist = { url = "https://files.pythonhosted.org/packages/b1/df/48c586a5fe32a0f01324ee087459e112ebb7224f646c0b5023f5e79e9956/httpx-0.28.1.tar.gz", hash = "sha256:75e98c5f16b0f35b567856f597f06ff2270a374470a5c2392242528e3e3e42fc", size = 141406 }
wheels = [
    { url = "https://files.pythonhosted.org/packages/2a/39/e50c7c3a983047577ee07d2a9e53faf5a69493943ec3f6a384bdc792deb2/httpx-0.28.1-py3-none-any.whl", hash = "sha256:d909fcccc110f8c7faf814ca82a9a4d816bc5a6dbfea25d6591d6985b8ba59ad", size = 73517 },
]

[package.optional-dependencies]
http2 = [
    { name = "h2" },
]

[[package]]
name = "hyperframe"
version = "6.0.1"
source = { registry = "https://pypi.org/simple" }
sdist = { url = "https://files.pythonhosted.org/packages/5a/2a/4747bff0a17f7281abe73e955d60d80aae537a5d203f417fa1c2e7578ebb/hyperframe-6.0.1.tar.gz", hash = "sha256:ae510046231dc8e9ecb1a6586f63d2347bf4c8905914aa84ba585ae85f28a914", size = 25008 }
wheels = [
    { url = "https://files.pythonhosted.org/packages/d7/de/85a784bcc4a3779d1753a7ec2dee5de90e18c7bcf402e71b51fcf150b129/hyperframe-6.0.1-py3-none-any.whl", hash = "sha256:0ec6bafd80d8ad2195c4f03aacba3a8265e57bc4cff261e802bf39970ed02a15", size = 12389 },
]

[[package]]
name = "idna"
version = "3.10"
source = { registry = "https://pypi.org/simple" }
sdist = { url = "https://files.pythonhosted.org/packages/f1/70/7703c29685631f5a7590aa73f1f1d3fa9a380e654b86af429e0934a32f7d/idna-3.10.tar.gz", hash = "sha256:12f65c9b470abda6dc35cf8e63cc574b1c52b11df2c86030af0ac09b01b13ea9", size = 190490 }
wheels = [
    { url = "https://files.pythonhosted.org/packages/76/c6/c88e154df9c4e1a2a66ccf0005a88dfb2650c1dffb6f5ce603dfbd452ce3/idna-3.10-py3-none-any.whl", hash = "sha256:946d195a0d259cbba61165e88e65941f16e9b36ea6ddb97f00452bae8b1287d3", size = 70442 },
]

[[package]]
name = "jiter"
version = "0.8.2"
source = { registry = "https://pypi.org/simple" }
sdist = { url = "https://files.pythonhosted.org/packages/f8/70/90bc7bd3932e651486861df5c8ffea4ca7c77d28e8532ddefe2abc561a53/jiter-0.8.2.tar.gz", hash = "sha256:cd73d3e740666d0e639f678adb176fad25c1bcbdae88d8d7b857e1783bb4212d", size = 163007 }
wheels = [
    { url = "https://files.pythonhosted.org/packages/6c/b0/bfa1f6f2c956b948802ef5a021281978bf53b7a6ca54bb126fd88a5d014e/jiter-0.8.2-cp313-cp313-macosx_10_12_x86_64.whl", hash = "sha256:ca1f08b8e43dc3bd0594c992fb1fd2f7ce87f7bf0d44358198d6da8034afdf84", size = 301190 },
    { url = "https://files.pythonhosted.org/packages/a4/8f/396ddb4e292b5ea57e45ade5dc48229556b9044bad29a3b4b2dddeaedd52/jiter-0.8.2-cp313-cp313-macosx_11_0_arm64.whl", hash = "sha256:5672a86d55416ccd214c778efccf3266b84f87b89063b582167d803246354be4", size = 309334 },
    { url = "https://files.pythonhosted.org/packages/7f/68/805978f2f446fa6362ba0cc2e4489b945695940656edd844e110a61c98f8/jiter-0.8.2-cp313-cp313-manylinux_2_17_aarch64.manylinux2014_aarch64.whl", hash = "sha256:58dc9bc9767a1101f4e5e22db1b652161a225874d66f0e5cb8e2c7d1c438b587", size = 333918 },
    { url = "https://files.pythonhosted.org/packages/b3/99/0f71f7be667c33403fa9706e5b50583ae5106d96fab997fa7e2f38ee8347/jiter-0.8.2-cp313-cp313-manylinux_2_17_armv7l.manylinux2014_armv7l.whl", hash = "sha256:37b2998606d6dadbb5ccda959a33d6a5e853252d921fec1792fc902351bb4e2c", size = 356057 },
    { url = "https://files.pythonhosted.org/packages/8d/50/a82796e421a22b699ee4d2ce527e5bcb29471a2351cbdc931819d941a167/jiter-0.8.2-cp313-cp313-manylinux_2_17_ppc64le.manylinux2014_ppc64le.whl", hash = "sha256:4ab9a87f3784eb0e098f84a32670cfe4a79cb6512fd8f42ae3d0709f06405d18", size = 379790 },
    { url = "https://files.pythonhosted.org/packages/3c/31/10fb012b00f6d83342ca9e2c9618869ab449f1aa78c8f1b2193a6b49647c/jiter-0.8.2-cp313-cp313-manylinux_2_17_s390x.manylinux2014_s390x.whl", hash = "sha256:79aec8172b9e3c6d05fd4b219d5de1ac616bd8da934107325a6c0d0e866a21b6", size = 388285 },
    { url = "https://files.pythonhosted.org/packages/c8/81/f15ebf7de57be488aa22944bf4274962aca8092e4f7817f92ffa50d3ee46/jiter-0.8.2-cp313-cp313-manylinux_2_17_x86_64.manylinux2014_x86_64.whl", hash = "sha256:711e408732d4e9a0208008e5892c2966b485c783cd2d9a681f3eb147cf36c7ef", size = 344764 },
    { url = "https://files.pythonhosted.org/packages/b3/e8/0cae550d72b48829ba653eb348cdc25f3f06f8a62363723702ec18e7be9c/jiter-0.8.2-cp313-cp313-manylinux_2_5_i686.manylinux1_i686.whl", hash = "sha256:653cf462db4e8c41995e33d865965e79641ef45369d8a11f54cd30888b7e6ff1", size = 376620 },
    { url = "https://files.pythonhosted.org/packages/b8/50/e5478ff9d82534a944c03b63bc217c5f37019d4a34d288db0f079b13c10b/jiter-0.8.2-cp313-cp313-musllinux_1_1_aarch64.whl", hash = "sha256:9c63eaef32b7bebac8ebebf4dabebdbc6769a09c127294db6babee38e9f405b9", size = 510402 },
    { url = "https://files.pythonhosted.org/packages/8e/1e/3de48bbebbc8f7025bd454cedc8c62378c0e32dd483dece5f4a814a5cb55/jiter-0.8.2-cp313-cp313-musllinux_1_1_x86_64.whl", hash = "sha256:eb21aaa9a200d0a80dacc7a81038d2e476ffe473ffdd9c91eb745d623561de05", size = 503018 },
    { url = "https://files.pythonhosted.org/packages/d5/cd/d5a5501d72a11fe3e5fd65c78c884e5164eefe80077680533919be22d3a3/jiter-0.8.2-cp313-cp313-win32.whl", hash = "sha256:789361ed945d8d42850f919342a8665d2dc79e7e44ca1c97cc786966a21f627a", size = 203190 },
    { url = "https://files.pythonhosted.org/packages/51/bf/e5ca301245ba951447e3ad677a02a64a8845b185de2603dabd83e1e4b9c6/jiter-0.8.2-cp313-cp313-win_amd64.whl", hash = "sha256:ab7f43235d71e03b941c1630f4b6e3055d46b6cb8728a17663eaac9d8e83a865", size = 203551 },
    { url = "https://files.pythonhosted.org/packages/2f/3c/71a491952c37b87d127790dd7a0b1ebea0514c6b6ad30085b16bbe00aee6/jiter-0.8.2-cp313-cp313t-macosx_11_0_arm64.whl", hash = "sha256:b426f72cd77da3fec300ed3bc990895e2dd6b49e3bfe6c438592a3ba660e41ca", size = 308347 },
    { url = "https://files.pythonhosted.org/packages/a0/4c/c02408042e6a7605ec063daed138e07b982fdb98467deaaf1c90950cf2c6/jiter-0.8.2-cp313-cp313t-manylinux_2_17_x86_64.manylinux2014_x86_64.whl", hash = "sha256:b2dd880785088ff2ad21ffee205e58a8c1ddabc63612444ae41e5e4b321b39c0", size = 342875 },
    { url = "https://files.pythonhosted.org/packages/91/61/c80ef80ed8a0a21158e289ef70dac01e351d929a1c30cb0f49be60772547/jiter-0.8.2-cp313-cp313t-win_amd64.whl", hash = "sha256:3ac9f578c46f22405ff7f8b1f5848fb753cc4b8377fbec8470a7dc3997ca7566", size = 202374 },
]

[[package]]
name = "numpy"
version = "2.2.0"
source = { registry = "https://pypi.org/simple" }
sdist = { url = "https://files.pythonhosted.org/packages/47/1b/1d565e0f6e156e1522ab564176b8b29d71e13d8caf003a08768df3d5cec5/numpy-2.2.0.tar.gz", hash = "sha256:140dd80ff8981a583a60980be1a655068f8adebf7a45a06a6858c873fcdcd4a0", size = 20225497 }
wheels = [
    { url = "https://files.pythonhosted.org/packages/bd/4c/0d1eef206545c994289e7a9de21b642880a11e0ed47a2b0c407c688c4f69/numpy-2.2.0-cp313-cp313-macosx_10_13_x86_64.whl", hash = "sha256:f8c8b141ef9699ae777c6278b52c706b653bf15d135d302754f6b2e90eb30367", size = 20895707 },
    { url = "https://files.pythonhosted.org/packages/16/cb/88f6c1e6df83002c421d5f854ccf134aa088aa997af786a5dac3f32ec99b/numpy-2.2.0-cp313-cp313-macosx_11_0_arm64.whl", hash = "sha256:0f0986e917aca18f7a567b812ef7ca9391288e2acb7a4308aa9d265bd724bdae", size = 14110592 },
    { url = "https://files.pythonhosted.org/packages/b4/54/817e6894168a43f33dca74199ba0dd0f1acd99aa6323ed6d323d63d640a2/numpy-2.2.0-cp313-cp313-macosx_14_0_arm64.whl", hash = "sha256:1c92113619f7b272838b8d6702a7f8ebe5edea0df48166c47929611d0b4dea69", size = 5110858 },
    { url = "https://files.pythonhosted.org/packages/c7/99/00d8a1a8eb70425bba7880257ed73fed08d3e8d05da4202fb6b9a81d5ee4/numpy-2.2.0-cp313-cp313-macosx_14_0_x86_64.whl", hash = "sha256:5a145e956b374e72ad1dff82779177d4a3c62bc8248f41b80cb5122e68f22d13", size = 6645143 },
    { url = "https://files.pythonhosted.org/packages/34/86/5b9c2b7c56e7a9d9297a0a4be0b8433f498eba52a8f5892d9132b0f64627/numpy-2.2.0-cp313-cp313-manylinux_2_17_aarch64.manylinux2014_aarch64.whl", hash = "sha256:18142b497d70a34b01642b9feabb70156311b326fdddd875a9981f34a369b671", size = 14042812 },
    { url = "https://files.pythonhosted.org/packages/df/54/13535f74391dbe5f479ceed96f1403267be302c840040700d4fd66688089/numpy-2.2.0-cp313-cp313-manylinux_2_17_x86_64.manylinux2014_x86_64.whl", hash = "sha256:a7d41d1612c1a82b64697e894b75db6758d4f21c3ec069d841e60ebe54b5b571", size = 16093419 },
    { url = "https://files.pythonhosted.org/packages/dd/37/dfb2056842ac61315f225aa56f455da369f5223e4c5a38b91d20da1b628b/numpy-2.2.0-cp313-cp313-musllinux_1_2_aarch64.whl", hash = "sha256:a98f6f20465e7618c83252c02041517bd2f7ea29be5378f09667a8f654a5918d", size = 15238969 },
    { url = "https://files.pythonhosted.org/packages/5a/3d/d20d24ee313992f0b7e7b9d9eef642d9b545d39d5b91c4a2cc8c98776328/numpy-2.2.0-cp313-cp313-musllinux_1_2_x86_64.whl", hash = "sha256:e09d40edfdb4e260cb1567d8ae770ccf3b8b7e9f0d9b5c2a9992696b30ce2742", size = 17855705 },
    { url = "https://files.pythonhosted.org/packages/5b/40/944c9ee264f875a2db6f79380944fd2b5bb9d712bb4a134d11f45ad5b693/numpy-2.2.0-cp313-cp313-win32.whl", hash = "sha256:3905a5fffcc23e597ee4d9fb3fcd209bd658c352657548db7316e810ca80458e", size = 6270078 },
    { url = "https://files.pythonhosted.org/packages/30/04/e1ee6f8b22034302d4c5c24e15782bdedf76d90b90f3874ed0b48525def0/numpy-2.2.0-cp313-cp313-win_amd64.whl", hash = "sha256:a184288538e6ad699cbe6b24859206e38ce5fba28f3bcfa51c90d0502c1582b2", size = 12605791 },
    { url = "https://files.pythonhosted.org/packages/ef/fb/51d458625cd6134d60ac15180ae50995d7d21b0f2f92a6286ae7b0792d19/numpy-2.2.0-cp313-cp313t-macosx_10_13_x86_64.whl", hash = "sha256:7832f9e8eb00be32f15fdfb9a981d6955ea9adc8574c521d48710171b6c55e95", size = 20920160 },
    { url = "https://files.pythonhosted.org/packages/b4/34/162ae0c5d2536ea4be98c813b5161c980f0443cd5765fde16ddfe3450140/numpy-2.2.0-cp313-cp313t-macosx_11_0_arm64.whl", hash = "sha256:f0dd071b95bbca244f4cb7f70b77d2ff3aaaba7fa16dc41f58d14854a6204e6c", size = 14119064 },
    { url = "https://files.pythonhosted.org/packages/17/6c/4195dd0e1c41c55f466d516e17e9e28510f32af76d23061ea3da67438e3c/numpy-2.2.0-cp313-cp313t-macosx_14_0_arm64.whl", hash = "sha256:b0b227dcff8cdc3efbce66d4e50891f04d0a387cce282fe1e66199146a6a8fca", size = 5152778 },
    { url = "https://files.pythonhosted.org/packages/2f/47/ea804ae525832c8d05ed85b560dfd242d34e4bb0962bc269ccaa720fb934/numpy-2.2.0-cp313-cp313t-macosx_14_0_x86_64.whl", hash = "sha256:6ab153263a7c5ccaf6dfe7e53447b74f77789f28ecb278c3b5d49db7ece10d6d", size = 6667605 },
    { url = "https://files.pythonhosted.org/packages/76/99/34d20e50b3d894bb16b5374bfbee399ab8ff3a33bf1e1f0b8acfe7bbd70d/numpy-2.2.0-cp313-cp313t-manylinux_2_17_aarch64.manylinux2014_aarch64.whl", hash = "sha256:e500aba968a48e9019e42c0c199b7ec0696a97fa69037bea163b55398e390529", size = 14013275 },
    { url = "https://files.pythonhosted.org/packages/69/8f/a1df7bd02d434ab82539517d1b98028985700cfc4300bc5496fb140ca648/numpy-2.2.0-cp313-cp313t-manylinux_2_17_x86_64.manylinux2014_x86_64.whl", hash = "sha256:440cfb3db4c5029775803794f8638fbdbf71ec702caf32735f53b008e1eaece3", size = 16074900 },
    { url = "https://files.pythonhosted.org/packages/04/94/b419e7a76bf21a00fcb03c613583f10e389fdc8dfe420412ff5710c8ad3d/numpy-2.2.0-cp313-cp313t-musllinux_1_2_aarch64.whl", hash = "sha256:a55dc7a7f0b6198b07ec0cd445fbb98b05234e8b00c5ac4874a63372ba98d4ab", size = 15219122 },
    { url = "https://files.pythonhosted.org/packages/65/d9/dddf398b2b6c5d750892a207a469c2854a8db0f033edaf72103af8cf05aa/numpy-2.2.0-cp313-cp313t-musllinux_1_2_x86_64.whl", hash = "sha256:4bddbaa30d78c86329b26bd6aaaea06b1e47444da99eddac7bf1e2fab717bd72", size = 17851668 },
    { url = "https://files.pythonhosted.org/packages/d4/dc/09a4e5819a9782a213c0eb4eecacdc1cd75ad8dac99279b04cfccb7eeb0a/numpy-2.2.0-cp313-cp313t-win32.whl", hash = "sha256:30bf971c12e4365153afb31fc73f441d4da157153f3400b82db32d04de1e4066", size = 6325288 },
    { url = "https://files.pythonhosted.org/packages/ce/e1/e0d06ec34036c92b43aef206efe99a5f5f04e12c776eab82a36e00c40afc/numpy-2.2.0-cp313-cp313t-win_amd64.whl", hash = "sha256:d35717333b39d1b6bb8433fa758a55f1081543de527171543a2b710551d40881", size = 12692303 },
]

[[package]]
name = "openai"
version = "1.57.1"
source = { registry = "https://pypi.org/simple" }
dependencies = [
    { name = "anyio" },
    { name = "distro" },
    { name = "httpx" },
    { name = "jiter" },
    { name = "pydantic" },
    { name = "sniffio" },
    { name = "tqdm" },
    { name = "typing-extensions" },
]
sdist = { url = "https://files.pythonhosted.org/packages/42/73/6e2a57b6ea92c8a786d775877c711f067f1d944dc9b1e6bbd166780c8e93/openai-1.57.1.tar.gz", hash = "sha256:a95f22e04ab3df26e64a15d958342265e802314131275908b3b3e36f8c5d4377", size = 315554 }
wheels = [
    { url = "https://files.pythonhosted.org/packages/6b/f0/c25aab1845afc3583a808d0a9b844bb3842245d87b9791e588e6aba8ce3a/openai-1.57.1-py3-none-any.whl", hash = "sha256:3865686c927e93492d1145938d4a24b634951531c4b2769d43ca5dbd4b25d8fd", size = 389846 },
]

[[package]]
name = "pandas"
version = "2.2.3"
source = { registry = "https://pypi.org/simple" }
dependencies = [
    { name = "numpy" },
    { name = "python-dateutil" },
    { name = "pytz" },
    { name = "tzdata" },
]
sdist = { url = "https://files.pythonhosted.org/packages/9c/d6/9f8431bacc2e19dca897724cd097b1bb224a6ad5433784a44b587c7c13af/pandas-2.2.3.tar.gz", hash = "sha256:4f18ba62b61d7e192368b84517265a99b4d7ee8912f8708660fb4a366cc82667", size = 4399213 }
wheels = [
    { url = "https://files.pythonhosted.org/packages/64/22/3b8f4e0ed70644e85cfdcd57454686b9057c6c38d2f74fe4b8bc2527214a/pandas-2.2.3-cp313-cp313-macosx_10_13_x86_64.whl", hash = "sha256:f00d1345d84d8c86a63e476bb4955e46458b304b9575dcf71102b5c705320015", size = 12477643 },
    { url = "https://files.pythonhosted.org/packages/e4/93/b3f5d1838500e22c8d793625da672f3eec046b1a99257666c94446969282/pandas-2.2.3-cp313-cp313-macosx_11_0_arm64.whl", hash = "sha256:3508d914817e153ad359d7e069d752cdd736a247c322d932eb89e6bc84217f28", size = 11281573 },
    { url = "https://files.pythonhosted.org/packages/f5/94/6c79b07f0e5aab1dcfa35a75f4817f5c4f677931d4234afcd75f0e6a66ca/pandas-2.2.3-cp313-cp313-manylinux2014_aarch64.manylinux_2_17_aarch64.whl", hash = "sha256:22a9d949bfc9a502d320aa04e5d02feab689d61da4e7764b62c30b991c42c5f0", size = 15196085 },
    { url = "https://files.pythonhosted.org/packages/e8/31/aa8da88ca0eadbabd0a639788a6da13bb2ff6edbbb9f29aa786450a30a91/pandas-2.2.3-cp313-cp313-manylinux_2_17_x86_64.manylinux2014_x86_64.whl", hash = "sha256:f3a255b2c19987fbbe62a9dfd6cff7ff2aa9ccab3fc75218fd4b7530f01efa24", size = 12711809 },
    { url = "https://files.pythonhosted.org/packages/ee/7c/c6dbdb0cb2a4344cacfb8de1c5808ca885b2e4dcfde8008266608f9372af/pandas-2.2.3-cp313-cp313-musllinux_1_2_aarch64.whl", hash = "sha256:800250ecdadb6d9c78eae4990da62743b857b470883fa27f652db8bdde7f6659", size = 16356316 },
    { url = "https://files.pythonhosted.org/packages/57/b7/8b757e7d92023b832869fa8881a992696a0bfe2e26f72c9ae9f255988d42/pandas-2.2.3-cp313-cp313-musllinux_1_2_x86_64.whl", hash = "sha256:6374c452ff3ec675a8f46fd9ab25c4ad0ba590b71cf0656f8b6daa5202bca3fb", size = 14022055 },
    { url = "https://files.pythonhosted.org/packages/3b/bc/4b18e2b8c002572c5a441a64826252ce5da2aa738855747247a971988043/pandas-2.2.3-cp313-cp313-win_amd64.whl", hash = "sha256:61c5ad4043f791b61dd4752191d9f07f0ae412515d59ba8f005832a532f8736d", size = 11481175 },
    { url = "https://files.pythonhosted.org/packages/76/a3/a5d88146815e972d40d19247b2c162e88213ef51c7c25993942c39dbf41d/pandas-2.2.3-cp313-cp313t-macosx_10_13_x86_64.whl", hash = "sha256:3b71f27954685ee685317063bf13c7709a7ba74fc996b84fc6821c59b0f06468", size = 12615650 },
    { url = "https://files.pythonhosted.org/packages/9c/8c/f0fd18f6140ddafc0c24122c8a964e48294acc579d47def376fef12bcb4a/pandas-2.2.3-cp313-cp313t-macosx_11_0_arm64.whl", hash = "sha256:38cf8125c40dae9d5acc10fa66af8ea6fdf760b2714ee482ca691fc66e6fcb18", size = 11290177 },
    { url = "https://files.pythonhosted.org/packages/ed/f9/e995754eab9c0f14c6777401f7eece0943840b7a9fc932221c19d1abee9f/pandas-2.2.3-cp313-cp313t-manylinux2014_aarch64.manylinux_2_17_aarch64.whl", hash = "sha256:ba96630bc17c875161df3818780af30e43be9b166ce51c9a18c1feae342906c2", size = 14651526 },
    { url = "https://files.pythonhosted.org/packages/25/b0/98d6ae2e1abac4f35230aa756005e8654649d305df9a28b16b9ae4353bff/pandas-2.2.3-cp313-cp313t-manylinux_2_17_x86_64.manylinux2014_x86_64.whl", hash = "sha256:1db71525a1538b30142094edb9adc10be3f3e176748cd7acc2240c2f2e5aa3a4", size = 11871013 },
    { url = "https://files.pythonhosted.org/packages/cc/57/0f72a10f9db6a4628744c8e8f0df4e6e21de01212c7c981d31e50ffc8328/pandas-2.2.3-cp313-cp313t-musllinux_1_2_aarch64.whl", hash = "sha256:15c0e1e02e93116177d29ff83e8b1619c93ddc9c49083f237d4312337a61165d", size = 15711620 },
    { url = "https://files.pythonhosted.org/packages/ab/5f/b38085618b950b79d2d9164a711c52b10aefc0ae6833b96f626b7021b2ed/pandas-2.2.3-cp313-cp313t-musllinux_1_2_x86_64.whl", hash = "sha256:ad5b65698ab28ed8d7f18790a0dc58005c7629f227be9ecc1072aa74c0c1d43a", size = 13098436 },
]

[[package]]
name = "portalocker"
version = "2.10.1"
source = { registry = "https://pypi.org/simple" }
dependencies = [
    { name = "pywin32", marker = "platform_system == 'Windows'" },
]
sdist = { url = "https://files.pythonhosted.org/packages/ed/d3/c6c64067759e87af98cc668c1cc75171347d0f1577fab7ca3749134e3cd4/portalocker-2.10.1.tar.gz", hash = "sha256:ef1bf844e878ab08aee7e40184156e1151f228f103aa5c6bd0724cc330960f8f", size = 40891 }
wheels = [
    { url = "https://files.pythonhosted.org/packages/9b/fb/a70a4214956182e0d7a9099ab17d50bfcba1056188e9b14f35b9e2b62a0d/portalocker-2.10.1-py3-none-any.whl", hash = "sha256:53a5984ebc86a025552264b459b46a2086e269b21823cb572f8f28ee759e45bf", size = 18423 },
]

[[package]]
name = "protobuf"
version = "5.29.1"
source = { registry = "https://pypi.org/simple" }
sdist = { url = "https://files.pythonhosted.org/packages/d2/4f/1639b7b1633d8fd55f216ba01e21bf2c43384ab25ef3ddb35d85a52033e8/protobuf-5.29.1.tar.gz", hash = "sha256:683be02ca21a6ffe80db6dd02c0b5b2892322c59ca57fd6c872d652cb80549cb", size = 424965 }
wheels = [
    { url = "https://files.pythonhosted.org/packages/50/c7/28669b04691a376cf7d0617d612f126aa0fff763d57df0142f9bf474c5b8/protobuf-5.29.1-cp310-abi3-win32.whl", hash = "sha256:22c1f539024241ee545cbcb00ee160ad1877975690b16656ff87dde107b5f110", size = 422706 },
    { url = "https://files.pythonhosted.org/packages/e3/33/dc7a7712f457456b7e0b16420ab8ba1cc8686751d3f28392eb43d0029ab9/protobuf-5.29.1-cp310-abi3-win_amd64.whl", hash = "sha256:1fc55267f086dd4050d18ef839d7bd69300d0d08c2a53ca7df3920cc271a3c34", size = 434505 },
    { url = "https://files.pythonhosted.org/packages/e5/39/44239fb1c6ec557e1731d996a5de89a9eb1ada7a92491fcf9c5d714052ed/protobuf-5.29.1-cp38-abi3-macosx_10_9_universal2.whl", hash = "sha256:d473655e29c0c4bbf8b69e9a8fb54645bc289dead6d753b952e7aa660254ae18", size = 417822 },
    { url = "https://files.pythonhosted.org/packages/fb/4a/ec56f101d38d4bef2959a9750209809242d86cf8b897db00f2f98bfa360e/protobuf-5.29.1-cp38-abi3-manylinux2014_aarch64.whl", hash = "sha256:b5ba1d0e4c8a40ae0496d0e2ecfdbb82e1776928a205106d14ad6985a09ec155", size = 319572 },
    { url = "https://files.pythonhosted.org/packages/04/52/c97c58a33b3d6c89a8138788576d372a90a6556f354799971c6b4d16d871/protobuf-5.29.1-cp38-abi3-manylinux2014_x86_64.whl", hash = "sha256:8ee1461b3af56145aca2800e6a3e2f928108c749ba8feccc6f5dd0062c410c0d", size = 319671 },
    { url = "https://files.pythonhosted.org/packages/3b/24/c8c49df8f6587719e1d400109b16c10c6902d0c9adddc8fff82840146f99/protobuf-5.29.1-py3-none-any.whl", hash = "sha256:32600ddb9c2a53dedc25b8581ea0f1fd8ea04956373c0c07577ce58d312522e0", size = 172547 },
]

[[package]]
name = "pyarrow"
version = "18.1.0"
source = { registry = "https://pypi.org/simple" }
sdist = { url = "https://files.pythonhosted.org/packages/7f/7b/640785a9062bb00314caa8a387abce547d2a420cf09bd6c715fe659ccffb/pyarrow-18.1.0.tar.gz", hash = "sha256:9386d3ca9c145b5539a1cfc75df07757dff870168c959b473a0bccbc3abc8c73", size = 1118671 }
wheels = [
    { url = "https://files.pythonhosted.org/packages/cb/87/aa4d249732edef6ad88899399047d7e49311a55749d3c373007d034ee471/pyarrow-18.1.0-cp313-cp313-macosx_12_0_arm64.whl", hash = "sha256:84e314d22231357d473eabec709d0ba285fa706a72377f9cc8e1cb3c8013813b", size = 29497406 },
    { url = "https://files.pythonhosted.org/packages/3c/c7/ed6adb46d93a3177540e228b5ca30d99fc8ea3b13bdb88b6f8b6467e2cb7/pyarrow-18.1.0-cp313-cp313-macosx_12_0_x86_64.whl", hash = "sha256:f591704ac05dfd0477bb8f8e0bd4b5dc52c1cadf50503858dce3a15db6e46ff2", size = 30835095 },
    { url = "https://files.pythonhosted.org/packages/41/d7/ed85001edfb96200ff606943cff71d64f91926ab42828676c0fc0db98963/pyarrow-18.1.0-cp313-cp313-manylinux_2_17_aarch64.manylinux2014_aarch64.whl", hash = "sha256:acb7564204d3c40babf93a05624fc6a8ec1ab1def295c363afc40b0c9e66c191", size = 39194527 },
    { url = "https://files.pythonhosted.org/packages/59/16/35e28eab126342fa391593415d79477e89582de411bb95232f28b131a769/pyarrow-18.1.0-cp313-cp313-manylinux_2_17_x86_64.manylinux2014_x86_64.whl", hash = "sha256:74de649d1d2ccb778f7c3afff6085bd5092aed4c23df9feeb45dd6b16f3811aa", size = 40131443 },
    { url = "https://files.pythonhosted.org/packages/0c/95/e855880614c8da20f4cd74fa85d7268c725cf0013dc754048593a38896a0/pyarrow-18.1.0-cp313-cp313-manylinux_2_28_aarch64.whl", hash = "sha256:f96bd502cb11abb08efea6dab09c003305161cb6c9eafd432e35e76e7fa9b90c", size = 38608750 },
    { url = "https://files.pythonhosted.org/packages/54/9d/f253554b1457d4fdb3831b7bd5f8f00f1795585a606eabf6fec0a58a9c38/pyarrow-18.1.0-cp313-cp313-manylinux_2_28_x86_64.whl", hash = "sha256:36ac22d7782554754a3b50201b607d553a8d71b78cdf03b33c1125be4b52397c", size = 40066690 },
    { url = "https://files.pythonhosted.org/packages/2f/58/8912a2563e6b8273e8aa7b605a345bba5a06204549826f6493065575ebc0/pyarrow-18.1.0-cp313-cp313-win_amd64.whl", hash = "sha256:25dbacab8c5952df0ca6ca0af28f50d45bd31c1ff6fcf79e2d120b4a65ee7181", size = 25081054 },
    { url = "https://files.pythonhosted.org/packages/82/f9/d06ddc06cab1ada0c2f2fd205ac8c25c2701182de1b9c4bf7a0a44844431/pyarrow-18.1.0-cp313-cp313t-macosx_12_0_arm64.whl", hash = "sha256:6a276190309aba7bc9d5bd2933230458b3521a4317acfefe69a354f2fe59f2bc", size = 29525542 },
    { url = "https://files.pythonhosted.org/packages/ab/94/8917e3b961810587ecbdaa417f8ebac0abb25105ae667b7aa11c05876976/pyarrow-18.1.0-cp313-cp313t-macosx_12_0_x86_64.whl", hash = "sha256:ad514dbfcffe30124ce655d72771ae070f30bf850b48bc4d9d3b25993ee0e386", size = 30829412 },
    { url = "https://files.pythonhosted.org/packages/5e/e3/3b16c3190f3d71d3b10f6758d2d5f7779ef008c4fd367cedab3ed178a9f7/pyarrow-18.1.0-cp313-cp313t-manylinux_2_17_aarch64.manylinux2014_aarch64.whl", hash = "sha256:aebc13a11ed3032d8dd6e7171eb6e86d40d67a5639d96c35142bd568b9299324", size = 39119106 },
    { url = "https://files.pythonhosted.org/packages/1d/d6/5d704b0d25c3c79532f8c0639f253ec2803b897100f64bcb3f53ced236e5/pyarrow-18.1.0-cp313-cp313t-manylinux_2_17_x86_64.manylinux2014_x86_64.whl", hash = "sha256:d6cf5c05f3cee251d80e98726b5c7cc9f21bab9e9783673bac58e6dfab57ecc8", size = 40090940 },
    { url = "https://files.pythonhosted.org/packages/37/29/366bc7e588220d74ec00e497ac6710c2833c9176f0372fe0286929b2d64c/pyarrow-18.1.0-cp313-cp313t-manylinux_2_28_aarch64.whl", hash = "sha256:11b676cd410cf162d3f6a70b43fb9e1e40affbc542a1e9ed3681895f2962d3d9", size = 38548177 },
    { url = "https://files.pythonhosted.org/packages/c8/11/fabf6ecabb1fe5b7d96889228ca2a9158c4c3bb732e3b8ee3f7f6d40b703/pyarrow-18.1.0-cp313-cp313t-manylinux_2_28_x86_64.whl", hash = "sha256:b76130d835261b38f14fc41fdfb39ad8d672afb84c447126b84d5472244cfaba", size = 40043567 },
]

[[package]]
name = "pydantic"
version = "2.10.3"
source = { registry = "https://pypi.org/simple" }
dependencies = [
    { name = "annotated-types" },
    { name = "pydantic-core" },
    { name = "typing-extensions" },
]
sdist = { url = "https://files.pythonhosted.org/packages/45/0f/27908242621b14e649a84e62b133de45f84c255eecb350ab02979844a788/pydantic-2.10.3.tar.gz", hash = "sha256:cb5ac360ce894ceacd69c403187900a02c4b20b693a9dd1d643e1effab9eadf9", size = 786486 }
wheels = [
    { url = "https://files.pythonhosted.org/packages/62/51/72c18c55cf2f46ff4f91ebcc8f75aa30f7305f3d726be3f4ebffb4ae972b/pydantic-2.10.3-py3-none-any.whl", hash = "sha256:be04d85bbc7b65651c5f8e6b9976ed9c6f41782a55524cef079a34a0bb82144d", size = 456997 },
]

[[package]]
name = "pydantic-core"
version = "2.27.1"
source = { registry = "https://pypi.org/simple" }
dependencies = [
    { name = "typing-extensions" },
]
sdist = { url = "https://files.pythonhosted.org/packages/a6/9f/7de1f19b6aea45aeb441838782d68352e71bfa98ee6fa048d5041991b33e/pydantic_core-2.27.1.tar.gz", hash = "sha256:62a763352879b84aa31058fc931884055fd75089cccbd9d58bb6afd01141b235", size = 412785 }
wheels = [
    { url = "https://files.pythonhosted.org/packages/0f/d6/91cb99a3c59d7b072bded9959fbeab0a9613d5a4935773c0801f1764c156/pydantic_core-2.27.1-cp313-cp313-macosx_10_12_x86_64.whl", hash = "sha256:f216dbce0e60e4d03e0c4353c7023b202d95cbaeff12e5fd2e82ea0a66905073", size = 1895033 },
    { url = "https://files.pythonhosted.org/packages/07/42/d35033f81a28b27dedcade9e967e8a40981a765795c9ebae2045bcef05d3/pydantic_core-2.27.1-cp313-cp313-macosx_11_0_arm64.whl", hash = "sha256:a2e02889071850bbfd36b56fd6bc98945e23670773bc7a76657e90e6b6603c08", size = 1807542 },
    { url = "https://files.pythonhosted.org/packages/41/c2/491b59e222ec7e72236e512108ecad532c7f4391a14e971c963f624f7569/pydantic_core-2.27.1-cp313-cp313-manylinux_2_17_aarch64.manylinux2014_aarch64.whl", hash = "sha256:42b0e23f119b2b456d07ca91b307ae167cc3f6c846a7b169fca5326e32fdc6cf", size = 1827854 },
    { url = "https://files.pythonhosted.org/packages/e3/f3/363652651779113189cefdbbb619b7b07b7a67ebb6840325117cc8cc3460/pydantic_core-2.27.1-cp313-cp313-manylinux_2_17_armv7l.manylinux2014_armv7l.whl", hash = "sha256:764be71193f87d460a03f1f7385a82e226639732214b402f9aa61f0d025f0737", size = 1857389 },
    { url = "https://files.pythonhosted.org/packages/5f/97/be804aed6b479af5a945daec7538d8bf358d668bdadde4c7888a2506bdfb/pydantic_core-2.27.1-cp313-cp313-manylinux_2_17_ppc64le.manylinux2014_ppc64le.whl", hash = "sha256:1c00666a3bd2f84920a4e94434f5974d7bbc57e461318d6bb34ce9cdbbc1f6b2", size = 2037934 },
    { url = "https://files.pythonhosted.org/packages/42/01/295f0bd4abf58902917e342ddfe5f76cf66ffabfc57c2e23c7681a1a1197/pydantic_core-2.27.1-cp313-cp313-manylinux_2_17_s390x.manylinux2014_s390x.whl", hash = "sha256:3ccaa88b24eebc0f849ce0a4d09e8a408ec5a94afff395eb69baf868f5183107", size = 2735176 },
    { url = "https://files.pythonhosted.org/packages/9d/a0/cd8e9c940ead89cc37812a1a9f310fef59ba2f0b22b4e417d84ab09fa970/pydantic_core-2.27.1-cp313-cp313-manylinux_2_17_x86_64.manylinux2014_x86_64.whl", hash = "sha256:c65af9088ac534313e1963443d0ec360bb2b9cba6c2909478d22c2e363d98a51", size = 2160720 },
    { url = "https://files.pythonhosted.org/packages/73/ae/9d0980e286627e0aeca4c352a60bd760331622c12d576e5ea4441ac7e15e/pydantic_core-2.27.1-cp313-cp313-manylinux_2_5_i686.manylinux1_i686.whl", hash = "sha256:206b5cf6f0c513baffaeae7bd817717140770c74528f3e4c3e1cec7871ddd61a", size = 1992972 },
    { url = "https://files.pythonhosted.org/packages/bf/ba/ae4480bc0292d54b85cfb954e9d6bd226982949f8316338677d56541b85f/pydantic_core-2.27.1-cp313-cp313-musllinux_1_1_aarch64.whl", hash = "sha256:062f60e512fc7fff8b8a9d680ff0ddaaef0193dba9fa83e679c0c5f5fbd018bc", size = 2001477 },
    { url = "https://files.pythonhosted.org/packages/55/b7/e26adf48c2f943092ce54ae14c3c08d0d221ad34ce80b18a50de8ed2cba8/pydantic_core-2.27.1-cp313-cp313-musllinux_1_1_armv7l.whl", hash = "sha256:a0697803ed7d4af5e4c1adf1670af078f8fcab7a86350e969f454daf598c4960", size = 2091186 },
    { url = "https://files.pythonhosted.org/packages/ba/cc/8491fff5b608b3862eb36e7d29d36a1af1c945463ca4c5040bf46cc73f40/pydantic_core-2.27.1-cp313-cp313-musllinux_1_1_x86_64.whl", hash = "sha256:58ca98a950171f3151c603aeea9303ef6c235f692fe555e883591103da709b23", size = 2154429 },
    { url = "https://files.pythonhosted.org/packages/78/d8/c080592d80edd3441ab7f88f865f51dae94a157fc64283c680e9f32cf6da/pydantic_core-2.27.1-cp313-none-win32.whl", hash = "sha256:8065914ff79f7eab1599bd80406681f0ad08f8e47c880f17b416c9f8f7a26d05", size = 1833713 },
    { url = "https://files.pythonhosted.org/packages/83/84/5ab82a9ee2538ac95a66e51f6838d6aba6e0a03a42aa185ad2fe404a4e8f/pydantic_core-2.27.1-cp313-none-win_amd64.whl", hash = "sha256:ba630d5e3db74c79300d9a5bdaaf6200172b107f263c98a0539eeecb857b2337", size = 1987897 },
    { url = "https://files.pythonhosted.org/packages/df/c3/b15fb833926d91d982fde29c0624c9f225da743c7af801dace0d4e187e71/pydantic_core-2.27.1-cp313-none-win_arm64.whl", hash = "sha256:45cf8588c066860b623cd11c4ba687f8d7175d5f7ef65f7129df8a394c502de5", size = 1882983 },
]

[[package]]
name = "python-dateutil"
version = "2.9.0.post0"
source = { registry = "https://pypi.org/simple" }
dependencies = [
    { name = "six" },
]
sdist = { url = "https://files.pythonhosted.org/packages/66/c0/0c8b6ad9f17a802ee498c46e004a0eb49bc148f2fd230864601a86dcf6db/python-dateutil-2.9.0.post0.tar.gz", hash = "sha256:37dd54208da7e1cd875388217d5e00ebd4179249f90fb72437e91a35459a0ad3", size = 342432 }
wheels = [
    { url = "https://files.pythonhosted.org/packages/ec/57/56b9bcc3c9c6a792fcbaf139543cee77261f3651ca9da0c93f5c1221264b/python_dateutil-2.9.0.post0-py2.py3-none-any.whl", hash = "sha256:a8b2bc7bffae282281c8140a97d3aa9c14da0b136dfe83f850eea9a5f7470427", size = 229892 },
]

[[package]]
name = "pytz"
version = "2024.2"
source = { registry = "https://pypi.org/simple" }
sdist = { url = "https://files.pythonhosted.org/packages/3a/31/3c70bf7603cc2dca0f19bdc53b4537a797747a58875b552c8c413d963a3f/pytz-2024.2.tar.gz", hash = "sha256:2aa355083c50a0f93fa581709deac0c9ad65cca8a9e9beac660adcbd493c798a", size = 319692 }
wheels = [
    { url = "https://files.pythonhosted.org/packages/11/c3/005fcca25ce078d2cc29fd559379817424e94885510568bc1bc53d7d5846/pytz-2024.2-py2.py3-none-any.whl", hash = "sha256:31c7c1817eb7fae7ca4b8c7ee50c72f93aa2dd863de768e1ef4245d426aa0725", size = 508002 },
]

[[package]]
name = "pywin32"
version = "308"
source = { registry = "https://pypi.org/simple" }
wheels = [
    { url = "https://files.pythonhosted.org/packages/a9/a4/aa562d8935e3df5e49c161b427a3a2efad2ed4e9cf81c3de636f1fdddfd0/pywin32-308-cp313-cp313-win32.whl", hash = "sha256:1c44539a37a5b7b21d02ab34e6a4d314e0788f1690d65b48e9b0b89f31abbbed", size = 5938579 },
    { url = "https://files.pythonhosted.org/packages/c7/50/b0efb8bb66210da67a53ab95fd7a98826a97ee21f1d22949863e6d588b22/pywin32-308-cp313-cp313-win_amd64.whl", hash = "sha256:fd380990e792eaf6827fcb7e187b2b4b1cede0585e3d0c9e84201ec27b9905e4", size = 6542056 },
    { url = "https://files.pythonhosted.org/packages/26/df/2b63e3e4f2df0224f8aaf6d131f54fe4e8c96400eb9df563e2aae2e1a1f9/pywin32-308-cp313-cp313-win_arm64.whl", hash = "sha256:ef313c46d4c18dfb82a2431e3051ac8f112ccee1a34f29c263c583c568db63cd", size = 7974986 },
]

[[package]]
name = "qdrant-client"
version = "1.12.1"
source = { registry = "https://pypi.org/simple" }
dependencies = [
    { name = "grpcio" },
    { name = "grpcio-tools" },
    { name = "httpx", extra = ["http2"] },
    { name = "numpy" },
    { name = "portalocker" },
    { name = "pydantic" },
    { name = "urllib3" },
]
sdist = { url = "https://files.pythonhosted.org/packages/15/5e/ec560881e086f893947c8798949c72de5cfae9453fd05c2250f8dfeaa571/qdrant_client-1.12.1.tar.gz", hash = "sha256:35e8e646f75b7b883b3d2d0ee4c69c5301000bba41c82aa546e985db0f1aeb72", size = 237441 }
wheels = [
    { url = "https://files.pythonhosted.org/packages/68/c0/eef4fe9dad6d41333f7dc6567fa8144ffc1837c8a0edfc2317d50715335f/qdrant_client-1.12.1-py3-none-any.whl", hash = "sha256:b2d17ce18e9e767471368380dd3bbc4a0e3a0e2061fedc9af3542084b48451e0", size = 267171 },
]

[[package]]
name = "setuptools"
version = "75.6.0"
source = { registry = "https://pypi.org/simple" }
sdist = { url = "https://files.pythonhosted.org/packages/43/54/292f26c208734e9a7f067aea4a7e282c080750c4546559b58e2e45413ca0/setuptools-75.6.0.tar.gz", hash = "sha256:8199222558df7c86216af4f84c30e9b34a61d8ba19366cc914424cdbd28252f6", size = 1337429 }
wheels = [
    { url = "https://files.pythonhosted.org/packages/55/21/47d163f615df1d30c094f6c8bbb353619274edccf0327b185cc2493c2c33/setuptools-75.6.0-py3-none-any.whl", hash = "sha256:ce74b49e8f7110f9bf04883b730f4765b774ef3ef28f722cce7c273d253aaf7d", size = 1224032 },
]

[[package]]
name = "six"
version = "1.17.0"
source = { registry = "https://pypi.org/simple" }
sdist = { url = "https://files.pythonhosted.org/packages/94/e7/b2c673351809dca68a0e064b6af791aa332cf192da575fd474ed7d6f16a2/six-1.17.0.tar.gz", hash = "sha256:ff70335d468e7eb6ec65b95b99d3a2836546063f63acc5171de367e834932a81", size = 34031 }
wheels = [
    { url = "https://files.pythonhosted.org/packages/b7/ce/149a00dd41f10bc29e5921b496af8b574d8413afcd5e30dfa0ed46c2cc5e/six-1.17.0-py2.py3-none-any.whl", hash = "sha256:4721f391ed90541fddacab5acf947aa0d3dc7d27b2e1e8eda2be8970586c3274", size = 11050 },
]

[[package]]
name = "sniffio"
version = "1.3.1"
source = { registry = "https://pypi.org/simple" }
sdist = { url = "https://files.pythonhosted.org/packages/a2/87/a6771e1546d97e7e041b6ae58d80074f81b7d5121207425c964ddf5cfdbd/sniffio-1.3.1.tar.gz", hash = "sha256:f4324edc670a0f49750a81b895f35c3adb843cca46f0530f79fc1babb23789dc", size = 20372 }
wheels = [
    { url = "https://files.pythonhosted.org/packages/e9/44/75a9c9421471a6c4805dbf2356f7c181a29c1879239abab1ea2cc8f38b40/sniffio-1.3.1-py3-none-any.whl", hash = "sha256:2f6da418d1f1e0fddd844478f41680e794e6051915791a034ff65e5f100525a2", size = 10235 },
]

[[package]]
name = "system-design-for-genai-talk"
version = "0.1.0"
source = { virtual = "." }
dependencies = [
    { name = "openai" },
    { name = "pandas" },
    { name = "pyarrow" },
    { name = "qdrant-client" },
    { name = "tqdm" },
]

[package.metadata]
requires-dist = [
    { name = "openai", specifier = ">=1.57.1" },
    { name = "pandas", specifier = ">=2.2.3" },
    { name = "pyarrow", specifier = ">=18.1.0" },
    { name = "qdrant-client", specifier = ">=1.12.1" },
    { name = "tqdm", specifier = ">=4.67.1" },
]

[[package]]
name = "tqdm"
version = "4.67.1"
source = { registry = "https://pypi.org/simple" }
dependencies = [
    { name = "colorama", marker = "platform_system == 'Windows'" },
]
sdist = { url = "https://files.pythonhosted.org/packages/a8/4b/29b4ef32e036bb34e4ab51796dd745cdba7ed47ad142a9f4a1eb8e0c744d/tqdm-4.67.1.tar.gz", hash = "sha256:f8aef9c52c08c13a65f30ea34f4e5aac3fd1a34959879d7e59e63027286627f2", size = 169737 }
wheels = [
    { url = "https://files.pythonhosted.org/packages/d0/30/dc54f88dd4a2b5dc8a0279bdd7270e735851848b762aeb1c1184ed1f6b14/tqdm-4.67.1-py3-none-any.whl", hash = "sha256:26445eca388f82e72884e0d580d5464cd801a3ea01e63e5601bdff9ba6a48de2", size = 78540 },
]

[[package]]
name = "typing-extensions"
version = "4.12.2"
source = { registry = "https://pypi.org/simple" }
sdist = { url = "https://files.pythonhosted.org/packages/df/db/f35a00659bc03fec321ba8bce9420de607a1d37f8342eee1863174c69557/typing_extensions-4.12.2.tar.gz", hash = "sha256:1a7ead55c7e559dd4dee8856e3a88b41225abfe1ce8df57b7c13915fe121ffb8", size = 85321 }
wheels = [
    { url = "https://files.pythonhosted.org/packages/26/9f/ad63fc0248c5379346306f8668cda6e2e2e9c95e01216d2b8ffd9ff037d0/typing_extensions-4.12.2-py3-none-any.whl", hash = "sha256:04e5ca0351e0f3f85c6853954072df659d0d13fac324d0072316b67d7794700d", size = 37438 },
]

[[package]]
name = "tzdata"
version = "2024.2"
source = { registry = "https://pypi.org/simple" }
sdist = { url = "https://files.pythonhosted.org/packages/e1/34/943888654477a574a86a98e9896bae89c7aa15078ec29f490fef2f1e5384/tzdata-2024.2.tar.gz", hash = "sha256:7d85cc416e9382e69095b7bdf4afd9e3880418a2413feec7069d533d6b4e31cc", size = 193282 }
wheels = [
    { url = "https://files.pythonhosted.org/packages/a6/ab/7e5f53c3b9d14972843a647d8d7a853969a58aecc7559cb3267302c94774/tzdata-2024.2-py2.py3-none-any.whl", hash = "sha256:a48093786cdcde33cad18c2555e8532f34422074448fbc874186f0abd79565cd", size = 346586 },
]

[[package]]
name = "urllib3"
version = "2.2.3"
source = { registry = "https://pypi.org/simple" }
sdist = { url = "https://files.pythonhosted.org/packages/ed/63/22ba4ebfe7430b76388e7cd448d5478814d3032121827c12a2cc287e2260/urllib3-2.2.3.tar.gz", hash = "sha256:e7d814a81dad81e6caf2ec9fdedb284ecc9c73076b62654547cc64ccdcae26e9", size = 300677 }
wheels = [
    { url = "https://files.pythonhosted.org/packages/ce/d9/5f4c13cecde62396b0d3fe530a50ccea91e7dfc1ccf0e09c228841bb5ba8/urllib3-2.2.3-py3-none-any.whl", hash = "sha256:ca899ca043dcb1bafa3e262d73aa25c465bfb49e0bd9dd5d59f1d0acba2f8fac", size = 126338 },
]
